// !$*UTF8*$!
{
	archiveVersion = 1;
	classes = {
	};
	objectVersion = 56;
	objects = {

/* Begin PBXBuildFile section */
		467546B0299D1C2D00879B2B /* StonksWatchApp.swift in Sources */ = {isa = PBXBuildFile; fileRef = 467546AF299D1C2D00879B2B /* StonksWatchApp.swift */; };
		467546B2299D1C2D00879B2B /* ContentView.swift in Sources */ = {isa = PBXBuildFile; fileRef = 467546B1299D1C2D00879B2B /* ContentView.swift */; };
		467546B4299D1C2E00879B2B /* Assets.xcassets in Resources */ = {isa = PBXBuildFile; fileRef = 467546B3299D1C2E00879B2B /* Assets.xcassets */; };
		467546B7299D1C2E00879B2B /* Preview Assets.xcassets in Resources */ = {isa = PBXBuildFile; fileRef = 467546B6299D1C2E00879B2B /* Preview Assets.xcassets */; };
		467546BD299D1C2E00879B2B /* StonksWatch Watch App.app in Embed Watch Content */ = {isa = PBXBuildFile; fileRef = 467546BC299D1C2E00879B2B /* StonksWatch Watch App.app */; settings = {ATTRIBUTES = (RemoveHeadersOnCopy, ); }; };
		467546C2299D1C2E00879B2B /* StonksWatchApp.swift in Sources */ = {isa = PBXBuildFile; fileRef = 467546C1299D1C2E00879B2B /* StonksWatchApp.swift */; };
		467546C4299D1C2E00879B2B /* ContentView.swift in Sources */ = {isa = PBXBuildFile; fileRef = 467546C3299D1C2E00879B2B /* ContentView.swift */; };
		467546C6299D1C2E00879B2B /* Assets.xcassets in Resources */ = {isa = PBXBuildFile; fileRef = 467546C5299D1C2E00879B2B /* Assets.xcassets */; };
		467546C9299D1C2E00879B2B /* Preview Assets.xcassets in Resources */ = {isa = PBXBuildFile; fileRef = 467546C8299D1C2E00879B2B /* Preview Assets.xcassets */; };
		467546D5299D1D8F00879B2B /* StocksAPI in Frameworks */ = {isa = PBXBuildFile; productRef = 467546D4299D1D8F00879B2B /* StocksAPI */; };
		46B8144429A6DBD700C5465F /* ApplicationDelegate.swift in Sources */ = {isa = PBXBuildFile; fileRef = 46B8144329A6DBD700C5465F /* ApplicationDelegate.swift */; };
		46E9AEED29A57B4100000D1E /* StockPortfolioClass.swift in Sources */ = {isa = PBXBuildFile; fileRef = 46E9AEEC29A57B4100000D1E /* StockPortfolioClass.swift */; };
		46E9AEEE29A57B4100000D1E /* StockPortfolioClass.swift in Sources */ = {isa = PBXBuildFile; fileRef = 46E9AEEC29A57B4100000D1E /* StockPortfolioClass.swift */; };
		46FD58CA299FAEBE001A2CB8 /* StocksAPI in Frameworks */ = {isa = PBXBuildFile; productRef = 46FD58C9299FAEBE001A2CB8 /* StocksAPI */; };
/* End PBXBuildFile section */

/* Begin PBXContainerItemProxy section */
		467546BE299D1C2E00879B2B /* PBXContainerItemProxy */ = {
			isa = PBXContainerItemProxy;
			containerPortal = 467546A4299D1C2D00879B2B /* Project object */;
			proxyType = 1;
			remoteGlobalIDString = 467546BB299D1C2E00879B2B;
			remoteInfo = "StonksWatch Watch App";
		};
/* End PBXContainerItemProxy section */

/* Begin PBXCopyFilesBuildPhase section */
		467546CF299D1C2E00879B2B /* Embed Watch Content */ = {
			isa = PBXCopyFilesBuildPhase;
			buildActionMask = 2147483647;
			dstPath = "$(CONTENTS_FOLDER_PATH)/Watch";
			dstSubfolderSpec = 16;
			files = (
				467546BD299D1C2E00879B2B /* StonksWatch Watch App.app in Embed Watch Content */,
			);
			name = "Embed Watch Content";
			runOnlyForDeploymentPostprocessing = 0;
		};
/* End PBXCopyFilesBuildPhase section */

/* Begin PBXFileReference section */
		460223C629A65F8C00041D13 /* StonksWatch-Watch-App-Info.plist */ = {isa = PBXFileReference; lastKnownFileType = text.plist; path = "StonksWatch-Watch-App-Info.plist"; sourceTree = SOURCE_ROOT; };
		460223C729A65FCF00041D13 /* Info.plist */ = {isa = PBXFileReference; lastKnownFileType = text.plist; path = Info.plist; sourceTree = "<group>"; };
		467546AC299D1C2D00879B2B /* StonksWatch.app */ = {isa = PBXFileReference; explicitFileType = wrapper.application; includeInIndex = 0; path = StonksWatch.app; sourceTree = BUILT_PRODUCTS_DIR; };
		467546AF299D1C2D00879B2B /* StonksWatchApp.swift */ = {isa = PBXFileReference; lastKnownFileType = sourcecode.swift; path = StonksWatchApp.swift; sourceTree = "<group>"; };
		467546B1299D1C2D00879B2B /* ContentView.swift */ = {isa = PBXFileReference; lastKnownFileType = sourcecode.swift; path = ContentView.swift; sourceTree = "<group>"; };
		467546B3299D1C2E00879B2B /* Assets.xcassets */ = {isa = PBXFileReference; lastKnownFileType = folder.assetcatalog; path = Assets.xcassets; sourceTree = "<group>"; };
		467546B6299D1C2E00879B2B /* Preview Assets.xcassets */ = {isa = PBXFileReference; lastKnownFileType = folder.assetcatalog; path = "Preview Assets.xcassets"; sourceTree = "<group>"; };
		467546BC299D1C2E00879B2B /* StonksWatch Watch App.app */ = {isa = PBXFileReference; explicitFileType = wrapper.application; includeInIndex = 0; path = "StonksWatch Watch App.app"; sourceTree = BUILT_PRODUCTS_DIR; };
		467546C1299D1C2E00879B2B /* StonksWatchApp.swift */ = {isa = PBXFileReference; lastKnownFileType = sourcecode.swift; path = StonksWatchApp.swift; sourceTree = "<group>"; };
		467546C3299D1C2E00879B2B /* ContentView.swift */ = {isa = PBXFileReference; lastKnownFileType = sourcecode.swift; path = ContentView.swift; sourceTree = "<group>"; };
		467546C5299D1C2E00879B2B /* Assets.xcassets */ = {isa = PBXFileReference; lastKnownFileType = folder.assetcatalog; path = Assets.xcassets; sourceTree = "<group>"; };
		467546C8299D1C2E00879B2B /* Preview Assets.xcassets */ = {isa = PBXFileReference; lastKnownFileType = folder.assetcatalog; path = "Preview Assets.xcassets"; sourceTree = "<group>"; };
		46B8144329A6DBD700C5465F /* ApplicationDelegate.swift */ = {isa = PBXFileReference; lastKnownFileType = sourcecode.swift; path = ApplicationDelegate.swift; sourceTree = "<group>"; };
		46E9AEEC29A57B4100000D1E /* StockPortfolioClass.swift */ = {isa = PBXFileReference; lastKnownFileType = sourcecode.swift; path = StockPortfolioClass.swift; sourceTree = "<group>"; };
/* End PBXFileReference section */

/* Begin PBXFrameworksBuildPhase section */
		467546A9299D1C2D00879B2B /* Frameworks */ = {
			isa = PBXFrameworksBuildPhase;
			buildActionMask = 2147483647;
			files = (
				467546D5299D1D8F00879B2B /* StocksAPI in Frameworks */,
			);
			runOnlyForDeploymentPostprocessing = 0;
		};
		467546B9299D1C2E00879B2B /* Frameworks */ = {
			isa = PBXFrameworksBuildPhase;
			buildActionMask = 2147483647;
			files = (
				46FD58CA299FAEBE001A2CB8 /* StocksAPI in Frameworks */,
			);
			runOnlyForDeploymentPostprocessing = 0;
		};
/* End PBXFrameworksBuildPhase section */

/* Begin PBXGroup section */
		467546A3299D1C2D00879B2B = {
			isa = PBXGroup;
			children = (
				46E9AEEC29A57B4100000D1E /* StockPortfolioClass.swift */,
				467546AE299D1C2D00879B2B /* StonksWatch */,
				467546C0299D1C2E00879B2B /* StonksWatch Watch App */,
				467546AD299D1C2D00879B2B /* Products */,
				46FD58C8299FAEBE001A2CB8 /* Frameworks */,
			);
			sourceTree = "<group>";
		};
		467546AD299D1C2D00879B2B /* Products */ = {
			isa = PBXGroup;
			children = (
				467546AC299D1C2D00879B2B /* StonksWatch.app */,
				467546BC299D1C2E00879B2B /* StonksWatch Watch App.app */,
			);
			name = Products;
			sourceTree = "<group>";
		};
		467546AE299D1C2D00879B2B /* StonksWatch */ = {
			isa = PBXGroup;
			children = (
				460223C729A65FCF00041D13 /* Info.plist */,
				467546AF299D1C2D00879B2B /* StonksWatchApp.swift */,
				467546B1299D1C2D00879B2B /* ContentView.swift */,
				467546B3299D1C2E00879B2B /* Assets.xcassets */,
				467546B5299D1C2E00879B2B /* Preview Content */,
			);
			path = StonksWatch;
			sourceTree = "<group>";
		};
		467546B5299D1C2E00879B2B /* Preview Content */ = {
			isa = PBXGroup;
			children = (
				467546B6299D1C2E00879B2B /* Preview Assets.xcassets */,
			);
			path = "Preview Content";
			sourceTree = "<group>";
		};
		467546C0299D1C2E00879B2B /* StonksWatch Watch App */ = {
			isa = PBXGroup;
			children = (
				46B8144329A6DBD700C5465F /* ApplicationDelegate.swift */,
				460223C629A65F8C00041D13 /* StonksWatch-Watch-App-Info.plist */,
				467546C1299D1C2E00879B2B /* StonksWatchApp.swift */,
				467546C3299D1C2E00879B2B /* ContentView.swift */,
				467546C5299D1C2E00879B2B /* Assets.xcassets */,
				467546C7299D1C2E00879B2B /* Preview Content */,
			);
			path = "StonksWatch Watch App";
			sourceTree = "<group>";
		};
		467546C7299D1C2E00879B2B /* Preview Content */ = {
			isa = PBXGroup;
			children = (
				467546C8299D1C2E00879B2B /* Preview Assets.xcassets */,
			);
			path = "Preview Content";
			sourceTree = "<group>";
		};
		46FD58C8299FAEBE001A2CB8 /* Frameworks */ = {
			isa = PBXGroup;
			children = (
			);
			name = Frameworks;
			sourceTree = "<group>";
		};
/* End PBXGroup section */

/* Begin PBXNativeTarget section */
		467546AB299D1C2D00879B2B /* StonksWatch */ = {
			isa = PBXNativeTarget;
			buildConfigurationList = 467546D0299D1C2E00879B2B /* Build configuration list for PBXNativeTarget "StonksWatch" */;
			buildPhases = (
				467546A8299D1C2D00879B2B /* Sources */,
				467546A9299D1C2D00879B2B /* Frameworks */,
				467546AA299D1C2D00879B2B /* Resources */,
				467546CF299D1C2E00879B2B /* Embed Watch Content */,
			);
			buildRules = (
			);
			dependencies = (
				467546BF299D1C2E00879B2B /* PBXTargetDependency */,
			);
			name = StonksWatch;
			packageProductDependencies = (
				467546D4299D1D8F00879B2B /* StocksAPI */,
			);
			productName = StonksWatch;
			productReference = 467546AC299D1C2D00879B2B /* StonksWatch.app */;
			productType = "com.apple.product-type.application";
		};
		467546BB299D1C2E00879B2B /* StonksWatch Watch App */ = {
			isa = PBXNativeTarget;
			buildConfigurationList = 467546CC299D1C2E00879B2B /* Build configuration list for PBXNativeTarget "StonksWatch Watch App" */;
			buildPhases = (
				467546B8299D1C2E00879B2B /* Sources */,
				467546B9299D1C2E00879B2B /* Frameworks */,
				467546BA299D1C2E00879B2B /* Resources */,
			);
			buildRules = (
			);
			dependencies = (
			);
			name = "StonksWatch Watch App";
			packageProductDependencies = (
				46FD58C9299FAEBE001A2CB8 /* StocksAPI */,
			);
			productName = "StonksWatch Watch App";
			productReference = 467546BC299D1C2E00879B2B /* StonksWatch Watch App.app */;
			productType = "com.apple.product-type.application";
		};
/* End PBXNativeTarget section */

/* Begin PBXProject section */
		467546A4299D1C2D00879B2B /* Project object */ = {
			isa = PBXProject;
			attributes = {
				BuildIndependentTargetsInParallel = 1;
				LastSwiftUpdateCheck = 1420;
				LastUpgradeCheck = 1420;
				TargetAttributes = {
					467546AB299D1C2D00879B2B = {
						CreatedOnToolsVersion = 14.2;
					};
					467546BB299D1C2E00879B2B = {
						CreatedOnToolsVersion = 14.2;
					};
				};
			};
			buildConfigurationList = 467546A7299D1C2D00879B2B /* Build configuration list for PBXProject "StonksWatch" */;
			compatibilityVersion = "Xcode 14.0";
			developmentRegion = en;
			hasScannedForEncodings = 0;
			knownRegions = (
				en,
				Base,
			);
			mainGroup = 467546A3299D1C2D00879B2B;
			packageReferences = (
				467546D3299D1D8F00879B2B /* XCRemoteSwiftPackageReference "YahooFinanceKit" */,
			);
			productRefGroup = 467546AD299D1C2D00879B2B /* Products */;
			projectDirPath = "";
			projectRoot = "";
			targets = (
				467546AB299D1C2D00879B2B /* StonksWatch */,
				467546BB299D1C2E00879B2B /* StonksWatch Watch App */,
			);
		};
/* End PBXProject section */

/* Begin PBXResourcesBuildPhase section */
		467546AA299D1C2D00879B2B /* Resources */ = {
			isa = PBXResourcesBuildPhase;
			buildActionMask = 2147483647;
			files = (
				467546B7299D1C2E00879B2B /* Preview Assets.xcassets in Resources */,
				467546B4299D1C2E00879B2B /* Assets.xcassets in Resources */,
			);
			runOnlyForDeploymentPostprocessing = 0;
		};
		467546BA299D1C2E00879B2B /* Resources */ = {
			isa = PBXResourcesBuildPhase;
			buildActionMask = 2147483647;
			files = (
				467546C9299D1C2E00879B2B /* Preview Assets.xcassets in Resources */,
				467546C6299D1C2E00879B2B /* Assets.xcassets in Resources */,
			);
			runOnlyForDeploymentPostprocessing = 0;
		};
/* End PBXResourcesBuildPhase section */

/* Begin PBXSourcesBuildPhase section */
		467546A8299D1C2D00879B2B /* Sources */ = {
			isa = PBXSourcesBuildPhase;
			buildActionMask = 2147483647;
			files = (
				467546B2299D1C2D00879B2B /* ContentView.swift in Sources */,
				46E9AEED29A57B4100000D1E /* StockPortfolioClass.swift in Sources */,
				467546B0299D1C2D00879B2B /* StonksWatchApp.swift in Sources */,
			);
			runOnlyForDeploymentPostprocessing = 0;
		};
		467546B8299D1C2E00879B2B /* Sources */ = {
			isa = PBXSourcesBuildPhase;
			buildActionMask = 2147483647;
			files = (
				467546C4299D1C2E00879B2B /* ContentView.swift in Sources */,
				46E9AEEE29A57B4100000D1E /* StockPortfolioClass.swift in Sources */,
				46B8144429A6DBD700C5465F /* ApplicationDelegate.swift in Sources */,
				467546C2299D1C2E00879B2B /* StonksWatchApp.swift in Sources */,
			);
			runOnlyForDeploymentPostprocessing = 0;
		};
/* End PBXSourcesBuildPhase section */

/* Begin PBXTargetDependency section */
		467546BF299D1C2E00879B2B /* PBXTargetDependency */ = {
			isa = PBXTargetDependency;
			target = 467546BB299D1C2E00879B2B /* StonksWatch Watch App */;
			targetProxy = 467546BE299D1C2E00879B2B /* PBXContainerItemProxy */;
		};
/* End PBXTargetDependency section */

/* Begin XCBuildConfiguration section */
		467546CA299D1C2E00879B2B /* Debug */ = {
			isa = XCBuildConfiguration;
			buildSettings = {
				ALWAYS_SEARCH_USER_PATHS = NO;
				CLANG_ANALYZER_NONNULL = YES;
				CLANG_ANALYZER_NUMBER_OBJECT_CONVERSION = YES_AGGRESSIVE;
				CLANG_CXX_LANGUAGE_STANDARD = "gnu++20";
				CLANG_ENABLE_MODULES = YES;
				CLANG_ENABLE_OBJC_ARC = YES;
				CLANG_ENABLE_OBJC_WEAK = YES;
				CLANG_WARN_BLOCK_CAPTURE_AUTORELEASING = YES;
				CLANG_WARN_BOOL_CONVERSION = YES;
				CLANG_WARN_COMMA = YES;
				CLANG_WARN_CONSTANT_CONVERSION = YES;
				CLANG_WARN_DEPRECATED_OBJC_IMPLEMENTATIONS = YES;
				CLANG_WARN_DIRECT_OBJC_ISA_USAGE = YES_ERROR;
				CLANG_WARN_DOCUMENTATION_COMMENTS = YES;
				CLANG_WARN_EMPTY_BODY = YES;
				CLANG_WARN_ENUM_CONVERSION = YES;
				CLANG_WARN_INFINITE_RECURSION = YES;
				CLANG_WARN_INT_CONVERSION = YES;
				CLANG_WARN_NON_LITERAL_NULL_CONVERSION = YES;
				CLANG_WARN_OBJC_IMPLICIT_RETAIN_SELF = YES;
				CLANG_WARN_OBJC_LITERAL_CONVERSION = YES;
				CLANG_WARN_OBJC_ROOT_CLASS = YES_ERROR;
				CLANG_WARN_QUOTED_INCLUDE_IN_FRAMEWORK_HEADER = YES;
				CLANG_WARN_RANGE_LOOP_ANALYSIS = YES;
				CLANG_WARN_STRICT_PROTOTYPES = YES;
				CLANG_WARN_SUSPICIOUS_MOVE = YES;
				CLANG_WARN_UNGUARDED_AVAILABILITY = YES_AGGRESSIVE;
				CLANG_WARN_UNREACHABLE_CODE = YES;
				CLANG_WARN__DUPLICATE_METHOD_MATCH = YES;
				COPY_PHASE_STRIP = NO;
				DEBUG_INFORMATION_FORMAT = dwarf;
				ENABLE_STRICT_OBJC_MSGSEND = YES;
				ENABLE_TESTABILITY = YES;
				GCC_C_LANGUAGE_STANDARD = gnu11;
				GCC_DYNAMIC_NO_PIC = NO;
				GCC_NO_COMMON_BLOCKS = YES;
				GCC_OPTIMIZATION_LEVEL = 0;
				GCC_PREPROCESSOR_DEFINITIONS = (
					"DEBUG=1",
					"$(inherited)",
				);
				GCC_WARN_64_TO_32_BIT_CONVERSION = YES;
				GCC_WARN_ABOUT_RETURN_TYPE = YES_ERROR;
				GCC_WARN_UNDECLARED_SELECTOR = YES;
				GCC_WARN_UNINITIALIZED_AUTOS = YES_AGGRESSIVE;
				GCC_WARN_UNUSED_FUNCTION = YES;
				GCC_WARN_UNUSED_VARIABLE = YES;
				MTL_ENABLE_DEBUG_INFO = INCLUDE_SOURCE;
				MTL_FAST_MATH = YES;
				ONLY_ACTIVE_ARCH = YES;
				SWIFT_ACTIVE_COMPILATION_CONDITIONS = DEBUG;
				SWIFT_OPTIMIZATION_LEVEL = "-Onone";
			};
			name = Debug;
		};
		467546CB299D1C2E00879B2B /* Release */ = {
			isa = XCBuildConfiguration;
			buildSettings = {
				ALWAYS_SEARCH_USER_PATHS = NO;
				CLANG_ANALYZER_NONNULL = YES;
				CLANG_ANALYZER_NUMBER_OBJECT_CONVERSION = YES_AGGRESSIVE;
				CLANG_CXX_LANGUAGE_STANDARD = "gnu++20";
				CLANG_ENABLE_MODULES = YES;
				CLANG_ENABLE_OBJC_ARC = YES;
				CLANG_ENABLE_OBJC_WEAK = YES;
				CLANG_WARN_BLOCK_CAPTURE_AUTORELEASING = YES;
				CLANG_WARN_BOOL_CONVERSION = YES;
				CLANG_WARN_COMMA = YES;
				CLANG_WARN_CONSTANT_CONVERSION = YES;
				CLANG_WARN_DEPRECATED_OBJC_IMPLEMENTATIONS = YES;
				CLANG_WARN_DIRECT_OBJC_ISA_USAGE = YES_ERROR;
				CLANG_WARN_DOCUMENTATION_COMMENTS = YES;
				CLANG_WARN_EMPTY_BODY = YES;
				CLANG_WARN_ENUM_CONVERSION = YES;
				CLANG_WARN_INFINITE_RECURSION = YES;
				CLANG_WARN_INT_CONVERSION = YES;
				CLANG_WARN_NON_LITERAL_NULL_CONVERSION = YES;
				CLANG_WARN_OBJC_IMPLICIT_RETAIN_SELF = YES;
				CLANG_WARN_OBJC_LITERAL_CONVERSION = YES;
				CLANG_WARN_OBJC_ROOT_CLASS = YES_ERROR;
				CLANG_WARN_QUOTED_INCLUDE_IN_FRAMEWORK_HEADER = YES;
				CLANG_WARN_RANGE_LOOP_ANALYSIS = YES;
				CLANG_WARN_STRICT_PROTOTYPES = YES;
				CLANG_WARN_SUSPICIOUS_MOVE = YES;
				CLANG_WARN_UNGUARDED_AVAILABILITY = YES_AGGRESSIVE;
				CLANG_WARN_UNREACHABLE_CODE = YES;
				CLANG_WARN__DUPLICATE_METHOD_MATCH = YES;
				COPY_PHASE_STRIP = NO;
				DEBUG_INFORMATION_FORMAT = "dwarf-with-dsym";
				ENABLE_NS_ASSERTIONS = NO;
				ENABLE_STRICT_OBJC_MSGSEND = YES;
				GCC_C_LANGUAGE_STANDARD = gnu11;
				GCC_NO_COMMON_BLOCKS = YES;
				GCC_WARN_64_TO_32_BIT_CONVERSION = YES;
				GCC_WARN_ABOUT_RETURN_TYPE = YES_ERROR;
				GCC_WARN_UNDECLARED_SELECTOR = YES;
				GCC_WARN_UNINITIALIZED_AUTOS = YES_AGGRESSIVE;
				GCC_WARN_UNUSED_FUNCTION = YES;
				GCC_WARN_UNUSED_VARIABLE = YES;
				MTL_ENABLE_DEBUG_INFO = NO;
				MTL_FAST_MATH = YES;
				SWIFT_COMPILATION_MODE = wholemodule;
				SWIFT_OPTIMIZATION_LEVEL = "-O";
			};
			name = Release;
		};
		467546CD299D1C2E00879B2B /* Debug */ = {
			isa = XCBuildConfiguration;
			buildSettings = {
				ASSETCATALOG_COMPILER_APPICON_NAME = AppIcon;
				ASSETCATALOG_COMPILER_GLOBAL_ACCENT_COLOR_NAME = AccentColor;
				CODE_SIGN_STYLE = Automatic;
				CURRENT_PROJECT_VERSION = 1;
				DEVELOPMENT_ASSET_PATHS = "\"StonksWatch Watch App/Preview Content\"";
				DEVELOPMENT_TEAM = 7997G399U7;
				ENABLE_PREVIEWS = YES;
				GENERATE_INFOPLIST_FILE = YES;
				INFOPLIST_FILE = "StonksWatch-Watch-App-Info.plist";
				INFOPLIST_KEY_CFBundleDisplayName = StonksWatch;
				INFOPLIST_KEY_LSApplicationCategoryType = "";
				INFOPLIST_KEY_UISupportedInterfaceOrientations = "UIInterfaceOrientationPortrait UIInterfaceOrientationPortraitUpsideDown";
				INFOPLIST_KEY_WKCompanionAppBundleIdentifier = duz.ie.StonksWatch;
				INFOPLIST_KEY_WKRunsIndependentlyOfCompanionApp = YES;
				LD_RUNPATH_SEARCH_PATHS = (
					"$(inherited)",
					"@executable_path/Frameworks",
				);
				MARKETING_VERSION = 1.0;
				PRODUCT_BUNDLE_IDENTIFIER = duz.ie.StonksWatch.watchkitapp;
				PRODUCT_NAME = "$(TARGET_NAME)";
				SDKROOT = watchos;
				SKIP_INSTALL = YES;
				SWIFT_EMIT_LOC_STRINGS = YES;
				SWIFT_VERSION = 5.0;
				TARGETED_DEVICE_FAMILY = 4;
				WATCHOS_DEPLOYMENT_TARGET = 9.1;
			};
			name = Debug;
		};
		467546CE299D1C2E00879B2B /* Release */ = {
			isa = XCBuildConfiguration;
			buildSettings = {
				ASSETCATALOG_COMPILER_APPICON_NAME = AppIcon;
				ASSETCATALOG_COMPILER_GLOBAL_ACCENT_COLOR_NAME = AccentColor;
				CODE_SIGN_STYLE = Automatic;
				CURRENT_PROJECT_VERSION = 1;
				DEVELOPMENT_ASSET_PATHS = "\"StonksWatch Watch App/Preview Content\"";
				DEVELOPMENT_TEAM = 7997G399U7;
				ENABLE_PREVIEWS = YES;
				GENERATE_INFOPLIST_FILE = YES;
				INFOPLIST_FILE = "StonksWatch-Watch-App-Info.plist";
				INFOPLIST_KEY_CFBundleDisplayName = StonksWatch;
				INFOPLIST_KEY_LSApplicationCategoryType = "";
				INFOPLIST_KEY_UISupportedInterfaceOrientations = "UIInterfaceOrientationPortrait UIInterfaceOrientationPortraitUpsideDown";
				INFOPLIST_KEY_WKCompanionAppBundleIdentifier = duz.ie.StonksWatch;
				INFOPLIST_KEY_WKRunsIndependentlyOfCompanionApp = YES;
				LD_RUNPATH_SEARCH_PATHS = (
					"$(inherited)",
					"@executable_path/Frameworks",
				);
				MARKETING_VERSION = 1.0;
				PRODUCT_BUNDLE_IDENTIFIER = duz.ie.StonksWatch.watchkitapp;
				PRODUCT_NAME = "$(TARGET_NAME)";
				SDKROOT = watchos;
				SKIP_INSTALL = YES;
				SWIFT_EMIT_LOC_STRINGS = YES;
				SWIFT_VERSION = 5.0;
				TARGETED_DEVICE_FAMILY = 4;
				VALIDATE_PRODUCT = YES;
				WATCHOS_DEPLOYMENT_TARGET = 9.1;
			};
			name = Release;
		};
		467546D1299D1C2E00879B2B /* Debug */ = {
			isa = XCBuildConfiguration;
			buildSettings = {
				ALWAYS_EMBED_SWIFT_STANDARD_LIBRARIES = YES;
				ASSETCATALOG_COMPILER_APPICON_NAME = AppIcon;
				ASSETCATALOG_COMPILER_GLOBAL_ACCENT_COLOR_NAME = AccentColor;
				CODE_SIGN_STYLE = Automatic;
				CURRENT_PROJECT_VERSION = 1;
				DEVELOPMENT_ASSET_PATHS = "\"StonksWatch/Preview Content\"";
				DEVELOPMENT_TEAM = 7997G399U7;
				ENABLE_PREVIEWS = YES;
				GENERATE_INFOPLIST_FILE = YES;
				INFOPLIST_FILE = StonksWatch/Info.plist;
				INFOPLIST_KEY_CFBundleDisplayName = StonksWatch;
				INFOPLIST_KEY_UIApplicationSceneManifest_Generation = YES;
				INFOPLIST_KEY_UIApplicationSupportsIndirectInputEvents = YES;
				INFOPLIST_KEY_UILaunchScreen_Generation = YES;
				INFOPLIST_KEY_UISupportedInterfaceOrientations_iPad = "UIInterfaceOrientationPortrait UIInterfaceOrientationPortraitUpsideDown UIInterfaceOrientationLandscapeLeft UIInterfaceOrientationLandscapeRight";
				INFOPLIST_KEY_UISupportedInterfaceOrientations_iPhone = "UIInterfaceOrientationPortrait UIInterfaceOrientationLandscapeLeft UIInterfaceOrientationLandscapeRight";
				IPHONEOS_DEPLOYMENT_TARGET = 16.2;
				LD_RUNPATH_SEARCH_PATHS = (
					"$(inherited)",
					"@executable_path/Frameworks",
				);
				MARKETING_VERSION = 1.0;
				PRODUCT_BUNDLE_IDENTIFIER = duz.ie.StonksWatch;
				PRODUCT_NAME = "$(TARGET_NAME)";
				SDKROOT = iphoneos;
				SWIFT_EMIT_LOC_STRINGS = YES;
				SWIFT_VERSION = 5.0;
				TARGETED_DEVICE_FAMILY = "1,2";
			};
			name = Debug;
		};
		467546D2299D1C2E00879B2B /* Release */ = {
			isa = XCBuildConfiguration;
			buildSettings = {
				ALWAYS_EMBED_SWIFT_STANDARD_LIBRARIES = YES;
				ASSETCATALOG_COMPILER_APPICON_NAME = AppIcon;
				ASSETCATALOG_COMPILER_GLOBAL_ACCENT_COLOR_NAME = AccentColor;
				CODE_SIGN_STYLE = Automatic;
				CURRENT_PROJECT_VERSION = 1;
				DEVELOPMENT_ASSET_PATHS = "\"StonksWatch/Preview Content\"";
				DEVELOPMENT_TEAM = 7997G399U7;
				ENABLE_PREVIEWS = YES;
				GENERATE_INFOPLIST_FILE = YES;
				INFOPLIST_FILE = StonksWatch/Info.plist;
				INFOPLIST_KEY_CFBundleDisplayName = StonksWatch;
				INFOPLIST_KEY_UIApplicationSceneManifest_Generation = YES;
				INFOPLIST_KEY_UIApplicationSupportsIndirectInputEvents = YES;
				INFOPLIST_KEY_UILaunchScreen_Generation = YES;
				INFOPLIST_KEY_UISupportedInterfaceOrientations_iPad = "UIInterfaceOrientationPortrait UIInterfaceOrientationPortraitUpsideDown UIInterfaceOrientationLandscapeLeft UIInterfaceOrientationLandscapeRight";
				INFOPLIST_KEY_UISupportedInterfaceOrientations_iPhone = "UIInterfaceOrientationPortrait UIInterfaceOrientationLandscapeLeft UIInterfaceOrientationLandscapeRight";
				IPHONEOS_DEPLOYMENT_TARGET = 16.2;
				LD_RUNPATH_SEARCH_PATHS = (
					"$(inherited)",
					"@executable_path/Frameworks",
				);
				MARKETING_VERSION = 1.0;
				PRODUCT_BUNDLE_IDENTIFIER = duz.ie.StonksWatch;
				PRODUCT_NAME = "$(TARGET_NAME)";
				SDKROOT = iphoneos;
				SWIFT_EMIT_LOC_STRINGS = YES;
				SWIFT_VERSION = 5.0;
				TARGETED_DEVICE_FAMILY = "1,2";
				VALIDATE_PRODUCT = YES;
			};
			name = Release;
		};
/* End XCBuildConfiguration section */

/* Begin XCConfigurationList section */
		467546A7299D1C2D00879B2B /* Build configuration list for PBXProject "StonksWatch" */ = {
			isa = XCConfigurationList;
			buildConfigurations = (
				467546CA299D1C2E00879B2B /* Debug */,
				467546CB299D1C2E00879B2B /* Release */,
			);
			defaultConfigurationIsVisible = 0;
			defaultConfigurationName = Release;
		};
		467546CC299D1C2E00879B2B /* Build configuration list for PBXNativeTarget "StonksWatch Watch App" */ = {
			isa = XCConfigurationList;
			buildConfigurations = (
				467546CD299D1C2E00879B2B /* Debug */,
				467546CE299D1C2E00879B2B /* Release */,
			);
			defaultConfigurationIsVisible = 0;
			defaultConfigurationName = Release;
		};
		467546D0299D1C2E00879B2B /* Build configuration list for PBXNativeTarget "StonksWatch" */ = {
			isa = XCConfigurationList;
			buildConfigurations = (
				467546D1299D1C2E00879B2B /* Debug */,
				467546D2299D1C2E00879B2B /* Release */,
			);
			defaultConfigurationIsVisible = 0;
			defaultConfigurationName = Release;
		};
/* End XCConfigurationList section */

/* Begin XCRemoteSwiftPackageReference section */
		467546D3299D1D8F00879B2B /* XCRemoteSwiftPackageReference "YahooFinanceKit" */ = {
			isa = XCRemoteSwiftPackageReference;
			repositoryURL = "https://github.com/DevDelleDonne/YahooFinanceKit";
			requirement = {
				branch = main;
				kind = branch;
			};
		};
/* End XCRemoteSwiftPackageReference section */

/* Begin XCSwiftPackageProductDependency section */
		467546D4299D1D8F00879B2B /* StocksAPI */ = {
			isa = XCSwiftPackageProductDependency;
			package = 467546D3299D1D8F00879B2B /* XCRemoteSwiftPackageReference "YahooFinanceKit" */;
			productName = StocksAPI;
		};
		46FD58C9299FAEBE001A2CB8 /* StocksAPI */ = {
			isa = XCSwiftPackageProductDependency;
			package = 467546D3299D1D8F00879B2B /* XCRemoteSwiftPackageReference "YahooFinanceKit" */;
			productName = StocksAPI;
		};
/* End XCSwiftPackageProductDependency section */
	};
	rootObject = 467546A4299D1C2D00879B2B /* Project object */;
}
